<?xml version="1.0" encoding="utf-8"?>
<Project ToolsVersion="4.0" xmlns="http://schemas.microsoft.com/developer/msbuild/2003">
  <ItemGroup>
    <Filter Include="Source Files">
      <UniqueIdentifier>{4FC737F1-C7A5-4376-A066-2A32D752A2FF}</UniqueIdentifier>
      <Extensions>cpp;c;cc;cxx;def;odl;idl;hpj;bat;asm;asmx</Extensions>
    </Filter>
    <Filter Include="Header Files">
      <UniqueIdentifier>{93995380-89BD-4b04-88EB-625FBE52EBFB}</UniqueIdentifier>
      <Extensions>h;hh;hpp;hxx;hm;inl;inc;xsd</Extensions>
    </Filter>
    <Filter Include="Resource Files">
      <UniqueIdentifier>{67DA6AB6-F800-4c08-8B7A-83BB121AAD01}</UniqueIdentifier>
      <Extensions>rc;ico;cur;bmp;dlg;rc2;rct;bin;rgs;gif;jpg;jpeg;jpe;resx;tiff;tif;png;wav;mfcribbon-ms</Extensions>
    </Filter>
    <Filter Include="Header Files\Story">
      <UniqueIdentifier>{b4b47c4e-b508-401e-ac0e-fefe50a9a35e}</UniqueIdentifier>
    </Filter>
    <Filter Include="Source Files\Story">
      <UniqueIdentifier>{f99967e6-c67b-46ce-8e5e-076fbb9c6e3a}</UniqueIdentifier>
    </Filter>
    <Filter Include="Source Files\Items">
      <UniqueIdentifier>{524df5d5-6f9e-4513-8036-6e4d9dca3036}</UniqueIdentifier>
    </Filter>
    <Filter Include="Header Files\Items">
      <UniqueIdentifier>{8abd461b-1587-4f3d-b77d-f2494073e4bc}</UniqueIdentifier>
    </Filter>
    <Filter Include="Source Files\Logic">
      <UniqueIdentifier>{6966d420-18c6-4dfe-9b90-011d1aa1ed12}</UniqueIdentifier>
    </Filter>
    <Filter Include="Header Files\Logic">
      <UniqueIdentifier>{51fa8a12-365a-42ec-809d-167e823a6d4f}</UniqueIdentifier>
    </Filter>
    <Filter Include="Header Files\Characters">
      <UniqueIdentifier>{9754d316-8a12-4784-b36b-9c3c9c47f3fa}</UniqueIdentifier>
    </Filter>
  </ItemGroup>
  <ItemGroup>
    <ClCompile Include="Main.cpp">
      <Filter>Source Files</Filter>
    </ClCompile>
    <ClCompile Include="ThreadWriting.cpp">
      <Filter>Source Files\Logic</Filter>
    </ClCompile>
    <ClCompile Include="Game.cpp">
      <Filter>Source Files\Logic</Filter>
    </ClCompile>
    <ClCompile Include="Inventory.cpp">
      <Filter>Source Files\Items</Filter>
    </ClCompile>
    <ClCompile Include="Chapters.cpp">
      <Filter>Source Files\Story</Filter>
    </ClCompile>
    <ClCompile Include="BaseballBat.cpp">
      <Filter>Source Files\Items</Filter>
    </ClCompile>
    <ClCompile Include="Item.cpp">
      <Filter>Source Files\Items</Filter>
    </ClCompile>
    <ClCompile Include="Garbage.cpp">
      <Filter>Source Files\Items</Filter>
    </ClCompile>
    <ClCompile Include="GameAI.cpp">
      <Filter>Source Files\Logic</Filter>
    </ClCompile>
  </ItemGroup>
  <ItemGroup>
    <ClInclude Include="ThreadWriting.h">
      <Filter>Header Files\Logic</Filter>
    </ClInclude>
    <ClInclude Include="Item.h">
      <Filter>Header Files\Items</Filter>
    </ClInclude>
    <ClInclude Include="Inventory.h">
      <Filter>Header Files\Items</Filter>
    </ClInclude>
    <ClInclude Include="Game.h">
      <Filter>Header Files\Logic</Filter>
    </ClInclude>
    <ClInclude Include="Chapters.h">
      <Filter>Header Files\Story</Filter>
    </ClInclude>
    <ClInclude Include="BaseballBat.h">
      <Filter>Header Files\Items</Filter>
    </ClInclude>
    <ClInclude Include="Note.h">
      <Filter>Header Files\Items</Filter>
    </ClInclude>
    <ClInclude Include="Dialog.h">
      <Filter>Header Files\Story</Filter>
    </ClInclude>
    <ClInclude Include="Story.h">
      <Filter>Header Files\Story</Filter>
    </ClInclude>
    <ClInclude Include="Garbage.h">
      <Filter>Header Files\Items</Filter>
    </ClInclude>
    <ClInclude Include="Characters.h">
      <Filter>Header Files\Characters</Filter>
    </ClInclude>
    <ClInclude Include="GameAI.h">
      <Filter>Header Files\Logic</Filter>
    </ClInclude>
    <ClInclude Include="Stephen.h">
      <Filter>Header Files\Characters</Filter>
    </ClInclude>
  </ItemGroup>
  <ItemGroup>
    <Text Include="Story.txt">
      <Filter>Header Files\Story</Filter>
    </Text>
  </ItemGroup>
</Project>